{
  "lockfileVersion": 1,
  "configVersion": 1,
  "workspaces": {
    "": {
      "name": "platform-monorepo",
      "devDependencies": {
        "typescript": "6.0.3",
      },
    },
    "apps/frontend": {
      "name": "frontend",
      "version": "0.1.0",
      "dependencies": {
        "@grafana/faro-web-sdk": "2.7.1",
        "@grafana/faro-web-tracing": "2.7.1",
        "@hookform/resolvers": "5.4.0",
        "@openfeature/web-sdk": "1.9.0",
        "@tanstack/react-query": "5.101.0",
        "clsx": "2.1.1",
        "lucide-react": "1.21.0",
        "next": "16.2.8",
        "next-themes": "0.4.6",
        "nuqs": "2.8.9",
        "openapi-fetch": "0.17.0",
        "pino": "10.3.1",
        "react": "19.2.7",
        "react-dom": "19.2.7",
        "react-hook-form": "7.79.0",
        "server-only": "0.0.1",
        "tailwind-merge": "3.6.0",
        "zod": "4.4.3",
        "zustand": "5.0.14",
      },
      "devDependencies": {
        "@tailwindcss/postcss": "4.3.1",
        "@types/node": "26.0.0",
        "@types/react": "19.2.17",
        "@types/react-dom": "19.2.3",
        "tailwindcss": "4.3.1",
        "typescript": "6.0.3",
      },
    },
  },
  "packages": {
    "@alloc/quick-lru": ["@alloc/quick-lru@5.2.0", "", {}, "sha512-UrcABB+4bUrFABwbluTIBErXwvbsU/V7TZWfmbgJfbkwiBuziS9gxdODUyuiecfdGQ85jglMW6juS3+z5TsKLw=="],

    "@emnapi/runtime": ["@emnapi/runtime@1.11.1", "", { "dependencies": { "tslib": "^2.4.0" } }, "sha512-vgj7R3y3Wgx24IQaGPA/R6YFXLHVMOZ0uVEyIQPaWs+rd1AzfEMXlAC22FYwO1XkKR6NPsq7mUandH8oIRdZFw=="],

    "@grafana/faro-core": ["@grafana/faro-core@2.7.1", "", { "dependencies": { "@opentelemetry/api": "^1.9.0", "@opentelemetry/otlp-transformer": "^0.218.0" } }, "sha512-qJOp0sPBAEsmUxhs11nVdGx5Dk+VJ4CN/4s9ek99m33FfzybmjQ9nPXLHWhwEeNJNiEwQdDl4HsNUlXBGT5YEw=="],

    "@grafana/faro-web-sdk": ["@grafana/faro-web-sdk@2.7.1", "", { "dependencies": { "@grafana/faro-core": "^2.7.1", "ua-parser-js": "1.0.41", "web-vitals": "^5.1.0" } }, "sha512-ZK3MuE6FWBmiT5tTivcMovTVe8fG1tPm1ctc84blVoJkpQXlgODxOX7/fNmDBOjaHZ3EWdoGplZmjoXQ3g0mDw=="],

    "@grafana/faro-web-tracing": ["@grafana/faro-web-tracing@2.7.1", "", { "dependencies": { "@grafana/faro-web-sdk": "^2.7.1", "@opentelemetry/api": "^1.9.0", "@opentelemetry/core": "^2.0.0", "@opentelemetry/exporter-trace-otlp-http": "^0.218.0", "@opentelemetry/instrumentation": "^0.218.0", "@opentelemetry/instrumentation-fetch": "^0.218.0", "@opentelemetry/instrumentation-xml-http-request": "^0.218.0", "@opentelemetry/otlp-transformer": "^0.218.0", "@opentelemetry/resources": "^2.0.0", "@opentelemetry/sdk-trace-web": "^2.0.0", "@opentelemetry/semantic-conventions": "^1.32.0" } }, "sha512-BCgFfxme4geu3glzHTbgdQpt1foKLS7Vu+jtuTYtelmR6VWBNcgrmrrzzOfJKTEmruk3Sq7SLM6/iAQS4CV1zA=="],

    "@hookform/resolvers": ["@hookform/resolvers@5.4.0", "", { "dependencies": { "@standard-schema/utils": "^0.3.0" }, "peerDependencies": { "react-hook-form": "^7.55.0" } }, "sha512-EIsqr/t/qbinPIhGjMdtvutIN1Kk4uwbROE9/UQ93CAVGR7GkA7Y92+fX80OzXi/OB67jVFYwKGO1WzkxmkFZw=="],

    "@img/colour": ["@img/colour@1.1.0", "", {}, "sha512-Td76q7j57o/tLVdgS746cYARfSyxk8iEfRxewL9h4OMzYhbW4TAcppl0mT4eyqXddh6L/jwoM75mo7ixa/pCeQ=="],

    "@img/sharp-darwin-arm64": ["@img/sharp-darwin-arm64@0.34.5", "", { "optionalDependencies": { "@img/sharp-libvips-darwin-arm64": "1.2.4" }, "os": "darwin", "cpu": "arm64" }, "sha512-imtQ3WMJXbMY4fxb/Ndp6HBTNVtWCUI0WdobyheGf5+ad6xX8VIDO8u2xE4qc/fr08CKG/7dDseFtn6M6g/r3w=="],

    "@img/sharp-darwin-x64": ["@img/sharp-darwin-x64@0.34.5", "", { "optionalDependencies": { "@img/sharp-libvips-darwin-x64": "1.2.4" }, "os": "darwin", "cpu": "x64" }, "sha512-YNEFAF/4KQ/PeW0N+r+aVVsoIY0/qxxikF2SWdp+NRkmMB7y9LBZAVqQ4yhGCm/H3H270OSykqmQMKLBhBJDEw=="],

    "@img/sharp-libvips-darwin-arm64": ["@img/sharp-libvips-darwin-arm64@1.2.4", "", { "os": "darwin", "cpu": "arm64" }, "sha512-zqjjo7RatFfFoP0MkQ51jfuFZBnVE2pRiaydKJ1G/rHZvnsrHAOcQALIi9sA5co5xenQdTugCvtb1cuf78Vf4g=="],

    "@img/sharp-libvips-darwin-x64": ["@img/sharp-libvips-darwin-x64@1.2.4", "", { "os": "darwin", "cpu": "x64" }, "sha512-1IOd5xfVhlGwX+zXv2N93k0yMONvUlANylbJw1eTah8K/Jtpi15KC+WSiaX/nBmbm2HxRM1gZ0nSdjSsrZbGKg=="],

    "@img/sharp-libvips-linux-arm": ["@img/sharp-libvips-linux-arm@1.2.4", "", { "os": "linux", "cpu": "arm" }, "sha512-bFI7xcKFELdiNCVov8e44Ia4u2byA+l3XtsAj+Q8tfCwO6BQ8iDojYdvoPMqsKDkuoOo+X6HZA0s0q11ANMQ8A=="],

    "@img/sharp-libvips-linux-arm64": ["@img/sharp-libvips-linux-arm64@1.2.4", "", { "os": "linux", "cpu": "arm64" }, "sha512-excjX8DfsIcJ10x1Kzr4RcWe1edC9PquDRRPx3YVCvQv+U5p7Yin2s32ftzikXojb1PIFc/9Mt28/y+iRklkrw=="],

    "@img/sharp-libvips-linux-ppc64": ["@img/sharp-libvips-linux-ppc64@1.2.4", "", { "os": "linux", "cpu": "ppc64" }, "sha512-FMuvGijLDYG6lW+b/UvyilUWu5Ayu+3r2d1S8notiGCIyYU/76eig1UfMmkZ7vwgOrzKzlQbFSuQfgm7GYUPpA=="],

    "@img/sharp-libvips-linux-riscv64": ["@img/sharp-libvips-linux-riscv64@1.2.4", "", { "os": "linux", "cpu": "none" }, "sha512-oVDbcR4zUC0ce82teubSm+x6ETixtKZBh/qbREIOcI3cULzDyb18Sr/Wcyx7NRQeQzOiHTNbZFF1UwPS2scyGA=="],

    "@img/sharp-libvips-linux-s390x": ["@img/sharp-libvips-linux-s390x@1.2.4", "", { "os": "linux", "cpu": "s390x" }, "sha512-qmp9VrzgPgMoGZyPvrQHqk02uyjA0/QrTO26Tqk6l4ZV0MPWIW6LTkqOIov+J1yEu7MbFQaDpwdwJKhbJvuRxQ=="],

    "@img/sharp-libvips-linux-x64": ["@img/sharp-libvips-linux-x64@1.2.4", "", { "os": "linux", "cpu": "x64" }, "sha512-tJxiiLsmHc9Ax1bz3oaOYBURTXGIRDODBqhveVHonrHJ9/+k89qbLl0bcJns+e4t4rvaNBxaEZsFtSfAdquPrw=="],

    "@img/sharp-libvips-linuxmusl-arm64": ["@img/sharp-libvips-linuxmusl-arm64@1.2.4", "", { "os": "linux", "cpu": "arm64" }, "sha512-FVQHuwx1IIuNow9QAbYUzJ+En8KcVm9Lk5+uGUQJHaZmMECZmOlix9HnH7n1TRkXMS0pGxIJokIVB9SuqZGGXw=="],

    "@img/sharp-libvips-linuxmusl-x64": ["@img/sharp-libvips-linuxmusl-x64@1.2.4", "", { "os": "linux", "cpu": "x64" }, "sha512-+LpyBk7L44ZIXwz/VYfglaX/okxezESc6UxDSoyo2Ks6Jxc4Y7sGjpgU9s4PMgqgjj1gZCylTieNamqA1MF7Dg=="],

    "@img/sharp-linux-arm": ["@img/sharp-linux-arm@0.34.5", "", { "optionalDependencies": { "@img/sharp-libvips-linux-arm": "1.2.4" }, "os": "linux", "cpu": "arm" }, "sha512-9dLqsvwtg1uuXBGZKsxem9595+ujv0sJ6Vi8wcTANSFpwV/GONat5eCkzQo/1O6zRIkh0m/8+5BjrRr7jDUSZw=="],

    "@img/sharp-linux-arm64": ["@img/sharp-linux-arm64@0.34.5", "", { "optionalDependencies": { "@img/sharp-libvips-linux-arm64": "1.2.4" }, "os": "linux", "cpu": "arm64" }, "sha512-bKQzaJRY/bkPOXyKx5EVup7qkaojECG6NLYswgktOZjaXecSAeCWiZwwiFf3/Y+O1HrauiE3FVsGxFg8c24rZg=="],

    "@img/sharp-linux-ppc64": ["@img/sharp-linux-ppc64@0.34.5", "", { "optionalDependencies": { "@img/sharp-libvips-linux-ppc64": "1.2.4" }, "os": "linux", "cpu": "ppc64" }, "sha512-7zznwNaqW6YtsfrGGDA6BRkISKAAE1Jo0QdpNYXNMHu2+0dTrPflTLNkpc8l7MUP5M16ZJcUvysVWWrMefZquA=="],

    "@img/sharp-linux-riscv64": ["@img/sharp-linux-riscv64@0.34.5", "", { "optionalDependencies": { "@img/sharp-libvips-linux-riscv64": "1.2.4" }, "os": "linux", "cpu": "none" }, "sha512-51gJuLPTKa7piYPaVs8GmByo7/U7/7TZOq+cnXJIHZKavIRHAP77e3N2HEl3dgiqdD/w0yUfiJnII77PuDDFdw=="],

    "@img/sharp-linux-s390x": ["@img/sharp-linux-s390x@0.34.5", "", { "optionalDependencies": { "@img/sharp-libvips-linux-s390x": "1.2.4" }, "os": "linux", "cpu": "s390x" }, "sha512-nQtCk0PdKfho3eC5MrbQoigJ2gd1CgddUMkabUj+rBevs8tZ2cULOx46E7oyX+04WGfABgIwmMC0VqieTiR4jg=="],

    "@img/sharp-linux-x64": ["@img/sharp-linux-x64@0.34.5", "", { "optionalDependencies": { "@img/sharp-libvips-linux-x64": "1.2.4" }, "os": "linux", "cpu": "x64" }, "sha512-MEzd8HPKxVxVenwAa+JRPwEC7QFjoPWuS5NZnBt6B3pu7EG2Ge0id1oLHZpPJdn3OQK+BQDiw9zStiHBTJQQQQ=="],

    "@img/sharp-linuxmusl-arm64": ["@img/sharp-linuxmusl-arm64@0.34.5", "", { "optionalDependencies": { "@img/sharp-libvips-linuxmusl-arm64": "1.2.4" }, "os": "linux", "cpu": "arm64" }, "sha512-fprJR6GtRsMt6Kyfq44IsChVZeGN97gTD331weR1ex1c1rypDEABN6Tm2xa1wE6lYb5DdEnk03NZPqA7Id21yg=="],

    "@img/sharp-linuxmusl-x64": ["@img/sharp-linuxmusl-x64@0.34.5", "", { "optionalDependencies": { "@img/sharp-libvips-linuxmusl-x64": "1.2.4" }, "os": "linux", "cpu": "x64" }, "sha512-Jg8wNT1MUzIvhBFxViqrEhWDGzqymo3sV7z7ZsaWbZNDLXRJZoRGrjulp60YYtV4wfY8VIKcWidjojlLcWrd8Q=="],

    "@img/sharp-wasm32": ["@img/sharp-wasm32@0.34.5", "", { "dependencies": { "@emnapi/runtime": "^1.7.0" }, "cpu": "none" }, "sha512-OdWTEiVkY2PHwqkbBI8frFxQQFekHaSSkUIJkwzclWZe64O1X4UlUjqqqLaPbUpMOQk6FBu/HtlGXNblIs0huw=="],

    "@img/sharp-win32-arm64": ["@img/sharp-win32-arm64@0.34.5", "", { "os": "win32", "cpu": "arm64" }, "sha512-WQ3AgWCWYSb2yt+IG8mnC6Jdk9Whs7O0gxphblsLvdhSpSTtmu69ZG1Gkb6NuvxsNACwiPV6cNSZNzt0KPsw7g=="],

    "@img/sharp-win32-ia32": ["@img/sharp-win32-ia32@0.34.5", "", { "os": "win32", "cpu": "ia32" }, "sha512-FV9m/7NmeCmSHDD5j4+4pNI8Cp3aW+JvLoXcTUo0IqyjSfAZJ8dIUmijx1qaJsIiU+Hosw6xM5KijAWRJCSgNg=="],

    "@img/sharp-win32-x64": ["@img/sharp-win32-x64@0.34.5", "", { "os": "win32", "cpu": "x64" }, "sha512-+29YMsqY2/9eFEiW93eqWnuLcWcufowXewwSNIT6UwZdUUCrM3oFjMWH/Z6/TMmb4hlFenmfAVbpWeup2jryCw=="],

    "@jridgewell/gen-mapping": ["@jridgewell/gen-mapping@0.3.13", "", { "dependencies": { "@jridgewell/sourcemap-codec": "^1.5.0", "@jridgewell/trace-mapping": "^0.3.24" } }, "sha512-2kkt/7niJ6MgEPxF0bYdQ6etZaA+fQvDcLKckhy1yIQOzaoKjBBjSj63/aLVjYE3qhRt5dvM+uUyfCg6UKCBbA=="],

    "@jridgewell/remapping": ["@jridgewell/remapping@2.3.5", "", { "dependencies": { "@jridgewell/gen-mapping": "^0.3.5", "@jridgewell/trace-mapping": "^0.3.24" } }, "sha512-LI9u/+laYG4Ds1TDKSJW2YPrIlcVYOwi2fUC6xB43lueCjgxV4lffOCZCtYFiH6TNOX+tQKXx97T4IKHbhyHEQ=="],

    "@jridgewell/resolve-uri": ["@jridgewell/resolve-uri@3.1.2", "", {}, "sha512-bRISgCIjP20/tbWSPWMEi54QVPRZExkuD9lJL+UIxUKtwVJA8wW1Trb1jMs1RFXo1CBTNZ/5hpC9QvmKWdopKw=="],

    "@jridgewell/sourcemap-codec": ["@jridgewell/sourcemap-codec@1.5.5", "", {}, "sha512-cYQ9310grqxueWbl+WuIUIaiUaDcj7WOq5fVhEljNVgRfOUhY9fy2zTvfoqWsnebh8Sl70VScFbICvJnLKB0Og=="],

    "@jridgewell/trace-mapping": ["@jridgewell/trace-mapping@0.3.31", "", { "dependencies": { "@jridgewell/resolve-uri": "^3.1.0", "@jridgewell/sourcemap-codec": "^1.4.14" } }, "sha512-zzNR+SdQSDJzc8joaeP8QQoCQr8NuYx2dIIytl1QeBEZHJ9uW6hebsrYgbz8hJwUQao3TWCMtmfV8Nu1twOLAw=="],

    "@next/env": ["@next/env@16.2.8", "", {}, "sha512-oxK5nEvPI8hlJ9LJ7PCNWfh07oKGxSeb7QaUUlamK7M5jDEV3twreCVqLFaxKgMI1DJgxhqDSdEtVpqLhN6yeQ=="],

    "@next/swc-darwin-arm64": ["@next/swc-darwin-arm64@16.2.8", "", { "os": "darwin", "cpu": "arm64" }, "sha512-R/MDVX4Cj+bzvTNkDWNyA09yCPBZB0J1m8P3VAmWAzx/J7DctA1wxya1LU3CcPv2szER3AImHEtsgScauH8SsQ=="],

    "@next/swc-darwin-x64": ["@next/swc-darwin-x64@16.2.8", "", { "os": "darwin", "cpu": "x64" }, "sha512-XH2u8C/meLJmEZbN0G5MRZp8tvxBz5KQ+xv4vX34zL8gL3//5qkc5M/aLsvNAfg5/KbcjIVe3h6aiO0wJcNWKA=="],

    "@next/swc-linux-arm64-gnu": ["@next/swc-linux-arm64-gnu@16.2.8", "", { "os": "linux", "cpu": "arm64" }, "sha512-zyA8bCtlAXOzZD6ri6hIi5Z7hW5+07ea81KK0xdezmJHrbrAgvwIRd6VbkddJTapmZVSmWzbpAdYoi1HZNF7KA=="],

    "@next/swc-linux-arm64-musl": ["@next/swc-linux-arm64-musl@16.2.8", "", { "os": "linux", "cpu": "arm64" }, "sha512-MWIALcC/R12KNHTAliyX96XwwnHLGNKRJHsaFiGKE0fF9sEoXHUlxvdrrl3iQfIKWfBcNdQ9rrMYHc1qFGc71A=="],

    "@next/swc-linux-x64-gnu": ["@next/swc-linux-x64-gnu@16.2.8", "", { "os": "linux", "cpu": "x64" }, "sha512-SD/R9QU6+wUB3lH6InhOLu1eP3wle4sSjsNdMwk24yFwaWUB5TAtscvFbOqh1AYBsJvHRez3tYHETfbBFd4dRg=="],

    "@next/swc-linux-x64-musl": ["@next/swc-linux-x64-musl@16.2.8", "", { "os": "linux", "cpu": "x64" }, "sha512-F1Al3cRKhYR7/V1RaXnHceqilNLFDe47w7Li/Asph1SklaHHm/b2FahLar2nWct9l9K143NlqbAUFQMjx30QYA=="],

    "@next/swc-win32-arm64-msvc": ["@next/swc-win32-arm64-msvc@16.2.8", "", { "os": "win32", "cpu": "arm64" }, "sha512-LxhCLToY0id1CkmYFi9sTM2RfoBWszr6mmMrBtmTFqKF0fXX3ZIbM8m1sKoNFIrZFn7gFroT7cnZea5neufSHg=="],

    "@next/swc-win32-x64-msvc": ["@next/swc-win32-x64-msvc@16.2.8", "", { "os": "win32", "cpu": "x64" }, "sha512-xfGxs1zIkTOLzH8i1WWCeTqQhNqyrv3aVT55PMy7Ul3dfxlA3In7hNEJ3Uo2qpalEBOlkG6G6FLRMWbUrxL+qQ=="],

    "@openfeature/core": ["@openfeature/core@1.11.0", "", {}, "sha512-P0u3/ht/oZCQT89fOed+laLk0kZR529a825cS02uPDglxXbE97irWYpDAeRGGVETIzKfuy+H2g8c3Ccv/tXJNQ=="],

    "@openfeature/web-sdk": ["@openfeature/web-sdk@1.9.0", "", { "peerDependencies": { "@openfeature/core": "^1.11.0" } }, "sha512-FCrNfqvE/thHVfCNU0KKx1SD7rk+1wE2UaR5B5OPZl917QJv6AsKRwaI3N+SVgwXWI07GgtXP6hNlTVb49PGhg=="],

    "@opentelemetry/api": ["@opentelemetry/api@1.9.1", "", {}, "sha512-gLyJlPHPZYdAk1JENA9LeHejZe1Ti77/pTeFm/nMXmQH/HFZlcS/O2XJB+L8fkbrNSqhdtlvjBVjxwUYanNH5Q=="],

    "@opentelemetry/api-logs": ["@opentelemetry/api-logs@0.218.0", "", { "dependencies": { "@opentelemetry/api": "^1.3.0" } }, "sha512-fmEWp5kXlGEc3i/lR698Hz41DfGyN4Tbe4g7L1AxSc7fF8Xeh/FQ9Quqpa9dVA413Q1Ad43QOLzU4JoXgbFPWw=="],

    "@opentelemetry/core": ["@opentelemetry/core@2.0.1", "", { "dependencies": { "@opentelemetry/semantic-conventions": "^1.29.0" }, "peerDependencies": { "@opentelemetry/api": ">=1.0.0 <1.10.0" } }, "sha512-MaZk9SJIDgo1peKevlbhP6+IwIiNPNmswNL4AF0WaQJLbHXjr9SrZMgS12+iqr9ToV4ZVosCcc0f8Rg67LXjxw=="],

    "@opentelemetry/exporter-trace-otlp-http": ["@opentelemetry/exporter-trace-otlp-http@0.218.0", "", { "dependencies": { "@opentelemetry/core": "2.7.1", "@opentelemetry/otlp-exporter-base": "0.218.0", "@opentelemetry/otlp-transformer": "0.218.0", "@opentelemetry/resources": "2.7.1", "@opentelemetry/sdk-trace-base": "2.7.1" }, "peerDependencies": { "@opentelemetry/api": "^1.3.0" } }, "sha512-8dqezsmPhtKitIK/eTipZhYl9EX2/gNQ5zUMhaz3uxEURwfkNf8IPvo6yNfrzbxdtpAOybS/+h7wmIWYqFSpiw=="],

    "@opentelemetry/instrumentation": ["@opentelemetry/instrumentation@0.218.0", "", { "dependencies": { "@opentelemetry/api-logs": "0.218.0", "import-in-the-middle": "^3.0.0", "require-in-the-middle": "^8.0.0" }, "peerDependencies": { "@opentelemetry/api": "^1.3.0" } }, "sha512-mIZil8Es+sYDK5m+DQiwAwF57F14TF2YlEqvIjZ/RQWcxDBwRGsKfdK2Tv65OU9meQKCMzSIFS9mxAcnAb6Bkg=="],

    "@opentelemetry/instrumentation-fetch": ["@opentelemetry/instrumentation-fetch@0.218.0", "", { "dependencies": { "@opentelemetry/core": "2.7.1", "@opentelemetry/instrumentation": "0.218.0", "@opentelemetry/sdk-trace-web": "2.7.1", "@opentelemetry/semantic-conventions": "^1.29.0" }, "peerDependencies": { "@opentelemetry/api": "^1.3.0" } }, "sha512-eP/Y5hDupb+6MwZSaMw4ZdsDz8YgfJbJ4Ta86BMVeOmI2EArwXcd0v1nfNIvUzXTPi7nakidwqeuUa3FwRwECg=="],

    "@opentelemetry/instrumentation-xml-http-request": ["@opentelemetry/instrumentation-xml-http-request@0.218.0", "", { "dependencies": { "@opentelemetry/core": "2.7.1", "@opentelemetry/instrumentation": "0.218.0", "@opentelemetry/sdk-trace-web": "2.7.1", "@opentelemetry/semantic-conventions": "^1.29.0" }, "peerDependencies": { "@opentelemetry/api": "^1.3.0" } }, "sha512-KzqSO62lTiqbT1ihKbbdJSt6A3TngIkacHJHi0SNUJmlpS0/Jg8Sn8kneKffQGjjpScODjZJ6LLs640zWlOGIg=="],

    "@opentelemetry/otlp-exporter-base": ["@opentelemetry/otlp-exporter-base@0.218.0", "", { "dependencies": { "@opentelemetry/core": "2.7.1", "@opentelemetry/otlp-transformer": "0.218.0" }, "peerDependencies": { "@opentelemetry/api": "^1.3.0" } }, "sha512-ZwqpkNL5W7RyGJPDZ9g06DvKp8KFTWPJPN12anpMQYSKpTSU0z3EIZuPq9vPGpS8siFyOqDYDAuCwlNO9FqgbA=="],

    "@opentelemetry/otlp-transformer": ["@opentelemetry/otlp-transformer@0.218.0", "", { "dependencies": { "@opentelemetry/api-logs": "0.218.0", "@opentelemetry/core": "2.7.1", "@opentelemetry/resources": "2.7.1", "@opentelemetry/sdk-logs": "0.218.0", "@opentelemetry/sdk-metrics": "2.7.1", "@opentelemetry/sdk-trace-base": "2.7.1" }, "peerDependencies": { "@opentelemetry/api": "^1.3.0" } }, "sha512-CFaKH87WAzjuJ4awowTTLzUvMfaRfiOFG5+qm5S5ncyalRtN4ecQ+YmuANJSCrVPuvZFEkUgKhBPBndxi3rHsQ=="],

    "@opentelemetry/resources": ["@opentelemetry/resources@2.0.1", "", { "dependencies": { "@opentelemetry/core": "2.0.1", "@opentelemetry/semantic-conventions": "^1.29.0" }, "peerDependencies": { "@opentelemetry/api": ">=1.3.0 <1.10.0" } }, "sha512-dZOB3R6zvBwDKnHDTB4X1xtMArB/d324VsbiPkX/Yu0Q8T2xceRthoIVFhJdvgVM2QhGVUyX9tzwiNxGtoBJUw=="],

    "@opentelemetry/sdk-logs": ["@opentelemetry/sdk-logs@0.218.0", "", { "dependencies": { "@opentelemetry/api-logs": "0.218.0", "@opentelemetry/core": "2.7.1", "@opentelemetry/resources": "2.7.1", "@opentelemetry/semantic-conventions": "^1.29.0" }, "peerDependencies": { "@opentelemetry/api": ">=1.4.0 <1.10.0" } }, "sha512-QvnNdugatFTVCJXH0Mcu7GOOJSylA9j127kIezOE4YwTI4YbowRons2K4WZTv5FMS8T4q9P0NdaRHdkSmeAIag=="],

    "@opentelemetry/sdk-metrics": ["@opentelemetry/sdk-metrics@2.7.1", "", { "dependencies": { "@opentelemetry/core": "2.7.1", "@opentelemetry/resources": "2.7.1" }, "peerDependencies": { "@opentelemetry/api": ">=1.9.0 <1.10.0" } }, "sha512-MpDJdkiFDs3Pm1RHO3KByuZbuBdJEXEAkiC0+yJdsZGVCdf1RpHR6n+LHDcS7ffmfrt5kVCzJSCfm4z2C7v0uQ=="],

    "@opentelemetry/sdk-trace-base": ["@opentelemetry/sdk-trace-base@2.7.1", "", { "dependencies": { "@opentelemetry/core": "2.7.1", "@opentelemetry/resources": "2.7.1", "@opentelemetry/semantic-conventions": "^1.29.0" }, "peerDependencies": { "@opentelemetry/api": ">=1.3.0 <1.10.0" } }, "sha512-NAYIlsF8MPUsKqJMiDQJTMPOmlbawC1Iz/omMLygZ1C9am8fTKYjTaI+OZM+WTY3t3Glo0wnOg/6/pac6RGPPw=="],

    "@opentelemetry/sdk-trace-web": ["@opentelemetry/sdk-trace-web@2.8.0", "", { "dependencies": { "@opentelemetry/core": "2.8.0", "@opentelemetry/sdk-trace-base": "2.8.0" }, "peerDependencies": { "@opentelemetry/api": ">=1.0.0 <1.10.0" } }, "sha512-P3ZM8BGJ5mwjtyfAxRyxsCyWHvaj+xahdhLoS3YiPsEyTHcWTVzx2691C8SrGkpvro3tNFCsWuNNrvM+spKODg=="],

    "@opentelemetry/semantic-conventions": ["@opentelemetry/semantic-conventions@1.41.1", "", {}, "sha512-/UhIkaZgPutTFmQ7RnIJGgDXZmtEJ7Dvi86xNTFWcnRxVRNk/aotsqDJYeEvDP+FSMB2SdW+pQzNMcWP0rwuNA=="],

    "@pinojs/redact": ["@pinojs/redact@0.4.0", "", {}, "sha512-k2ENnmBugE/rzQfEcdWHcCY+/FM3VLzH9cYEsbdsoqrvzAKRhUZeRNhAZvB8OitQJ1TBed3yqWtdjzS6wJKBwg=="],

    "@standard-schema/spec": ["@standard-schema/spec@1.0.0", "", {}, "sha512-m2bOd0f2RT9k8QJx1JN85cZYyH1RqFBdlwtkSlf4tBDYLCiiZnv1fIIwacK6cqwXavOydf0NPToMQgpKq+dVlA=="],

    "@standard-schema/utils": ["@standard-schema/utils@0.3.0", "", {}, "sha512-e7Mew686owMaPJVNNLs55PUvgz371nKgwsc4vxE49zsODpJEnxgxRo2y/OKrqueavXgZNMDVj3DdHFlaSAeU8g=="],

    "@swc/helpers": ["@swc/helpers@0.5.15", "", { "dependencies": { "tslib": "^2.8.0" } }, "sha512-JQ5TuMi45Owi4/BIMAJBoSQoOJu12oOk/gADqlcUL9JEdHB8vyjUSsxqeNXnmXHjYKMi2WcYtezGEEhqUI/E2g=="],

    "@tailwindcss/node": ["@tailwindcss/node@4.3.1", "", { "dependencies": { "@jridgewell/remapping": "^2.3.5", "enhanced-resolve": "5.21.6", "jiti": "^2.7.0", "lightningcss": "1.32.0", "magic-string": "^0.30.21", "source-map-js": "^1.2.1", "tailwindcss": "4.3.1" } }, "sha512-6NDaqRoAMSXD1mr/RXu0HBvNE9a2n5tHPsxu9XHLws8o4Twes5rBM2205SUUiJ9goAtadrN6xTGX0UDEwp/N4A=="],

    "@tailwindcss/oxide": ["@tailwindcss/oxide@4.3.1", "", { "optionalDependencies": { "@tailwindcss/oxide-android-arm64": "4.3.1", "@tailwindcss/oxide-darwin-arm64": "4.3.1", "@tailwindcss/oxide-darwin-x64": "4.3.1", "@tailwindcss/oxide-freebsd-x64": "4.3.1", "@tailwindcss/oxide-linux-arm-gnueabihf": "4.3.1", "@tailwindcss/oxide-linux-arm64-gnu": "4.3.1", "@tailwindcss/oxide-linux-arm64-musl": "4.3.1", "@tailwindcss/oxide-linux-x64-gnu": "4.3.1", "@tailwindcss/oxide-linux-x64-musl": "4.3.1", "@tailwindcss/oxide-wasm32-wasi": "4.3.1", "@tailwindcss/oxide-win32-arm64-msvc": "4.3.1", "@tailwindcss/oxide-win32-x64-msvc": "4.3.1" } }, "sha512-yVPyo8RNkabVr3O2EhHEE0Rewu7YKzc1DhIqfL46LKveFrmu9XbDazNOJY7/GRuvw1h6u3utWnR29H/p5JPlgA=="],

    "@tailwindcss/oxide-android-arm64": ["@tailwindcss/oxide-android-arm64@4.3.1", "", { "os": "android", "cpu": "arm64" }, "sha512-SVlyf61g374l5cHyg8x9kf5xmLcOaxvOTsbsqDnSsDJaKOEFZ7GCvi84VAVGpxojYOs1+3K6M0UjXfqPU8vmOQ=="],

    "@tailwindcss/oxide-darwin-arm64": ["@tailwindcss/oxide-darwin-arm64@4.3.1", "", { "os": "darwin", "cpu": "arm64" }, "sha512-hVnWLwv+e/l7c4WKyVtHVrIPvYdqWHjRB3MDIqARynzFtnQg85kmQEFCbV9Ja0VVx4xXTIiDWY60Y7iz/iNoDA=="],

    "@tailwindcss/oxide-darwin-x64": ["@tailwindcss/oxide-darwin-x64@4.3.1", "", { "os": "darwin", "cpu": "x64" }, "sha512-Cf7abu0WVgbhU7ANgPUnSAvm7nCvMweusHb8FnaHlLfv/Caq4GYaEZg7ZImzzmjx4lIAfuS8q+eLIS7A7IzxIg=="],

    "@tailwindcss/oxide-freebsd-x64": ["@tailwindcss/oxide-freebsd-x64@4.3.1", "", { "os": "freebsd", "cpu": "x64" }, "sha512-ZZqzX2Y+GXtXXfqSfpJhDm60OoZfvLHLCgm+J7NVqgHHJjG/m9ugZI77RwTsVd4fnBJuCFP6Ae6kTJb71UdS8g=="],

    "@tailwindcss/oxide-linux-arm-gnueabihf": ["@tailwindcss/oxide-linux-arm-gnueabihf@4.3.1", "", { "os": "linux", "cpu": "arm" }, "sha512-/Ah/xik0LaMYfv9DZ0S/t4pBlBNYOcqtRwusjgovHkvT8ixueWCLyJjsaF5kQIckjb4IT8Q6K6p/iPmZMixYgg=="],

    "@tailwindcss/oxide-linux-arm64-gnu": ["@tailwindcss/oxide-linux-arm64-gnu@4.3.1", "", { "os": "linux", "cpu": "arm64" }, "sha512-gqdFoVJlw444GvpnheZLHmvTzSxI/cOUUh2KSNejQjTcYkW062SVD+En0rUgD+QV91bz1XGIGtt1HJd48xUGbQ=="],

    "@tailwindcss/oxide-linux-arm64-musl": ["@tailwindcss/oxide-linux-arm64-musl@4.3.1", "", { "os": "linux", "cpu": "arm64" }, "sha512-Bwv9KwOvE0VKa86xPFif9b9c3Y1NxOV1P0gLti/IYaWEsQYZXDlxfGEtA8mdDZ7SG3wyNXAWYT5SIn3giL57oA=="],

    "@tailwindcss/oxide-linux-x64-gnu": ["@tailwindcss/oxide-linux-x64-gnu@4.3.1", "", { "os": "linux", "cpu": "x64" }, "sha512-Ymi8O8T15HYQdOUWUtTI6ldN0neHP85FC+Qz32xTcZ7iJXtem/x8ITev0o1e9e5rkqj4lONZfTRLvkmin1+tKg=="],

    "@tailwindcss/oxide-linux-x64-musl": ["@tailwindcss/oxide-linux-x64-musl@4.3.1", "", { "os": "linux", "cpu": "x64" }, "sha512-M+P/91qJ6uILLw4k2G93GMDRAXj61SMvFQYt39AqvUqYgExXpLL5aepfns7sj4HiAQeolirQF9E0lzRvdf4zPQ=="],

    "@tailwindcss/oxide-wasm32-wasi": ["@tailwindcss/oxide-wasm32-wasi@4.3.1", "", { "dependencies": { "@emnapi/core": "^1.10.0", "@emnapi/runtime": "^1.10.0", "@emnapi/wasi-threads": "^1.2.1", "@napi-rs/wasm-runtime": "^1.1.4", "@tybys/wasm-util": "^0.10.2", "tslib": "^2.8.1" }, "cpu": "none" }, "sha512-zsM8uOeqvVGHsAXsJxsT28ttosFahLJKCLOTUBqRAtKnVgGSRitds9T432QiT8b77Yga7JIBkulIRRlJPtYhRA=="],

    "@tailwindcss/oxide-win32-arm64-msvc": ["@tailwindcss/oxide-win32-arm64-msvc@4.3.1", "", { "os": "win32", "cpu": "arm64" }, "sha512-aiNvSq9BsVk8V513lDKlrCFAgf8qBMPZTpgEhInL+NwQqs97mYmupVMrPrgBBSL8Pv/0zXu9MrMF9rMun1ZeNg=="],

    "@tailwindcss/oxide-win32-x64-msvc": ["@tailwindcss/oxide-win32-x64-msvc@4.3.1", "", { "os": "win32", "cpu": "x64" }, "sha512-xDEyu1rg290472FEGaKHnzyDyh5QH+AlWvsU5hMoMtPpzmKlRI0jaYKCgSHDYtaQWZOYbMaduSyCwFwY4n1HmA=="],

    "@tailwindcss/postcss": ["@tailwindcss/postcss@4.3.1", "", { "dependencies": { "@alloc/quick-lru": "^5.2.0", "@tailwindcss/node": "4.3.1", "@tailwindcss/oxide": "4.3.1", "postcss": "8.5.15", "tailwindcss": "4.3.1" } }, "sha512-dNJuNbdEJT/SWRuXTYP1WSamelsz3ztkUsdtWQPjrexysrTpaEPM40P/71knXiXLYEojqPOEGitVLLpPMS5T6A=="],

    "@tanstack/query-core": ["@tanstack/query-core@5.101.0", "", {}, "sha512-cQetA74EB+seWySv1TTKr828TnP0u39m6LykwDXIo84SNortpDkp30TMEjkqtYCNP9c40uT/iwl6MLiufEt0Ow=="],

    "@tanstack/react-query": ["@tanstack/react-query@5.101.0", "", { "dependencies": { "@tanstack/query-core": "5.101.0" }, "peerDependencies": { "react": "^18 || ^19" } }, "sha512-rLlJXSpkqfizLWgkR5+eLeIk0MvTx/meEIR7LRjxic+qxiQP8zVjq7BqQkiCMNLQBlLfuOLqqr6KO5GtrDlmSg=="],

    "@types/node": ["@types/node@26.0.0", "", { "dependencies": { "undici-types": "~8.3.0" } }, "sha512-vf2YFi1iY9lHGwNJMs01biZFbKJkrZR1T6/MlzjhJLPdntOHLhTrDSnSVcdtvjihi4VQNlrFRIxLsDBlQpAipA=="],

    "@types/react": ["@types/react@19.2.17", "", { "dependencies": { "csstype": "^3.2.2" } }, "sha512-MXfmqaVPEVgkBT/aY0aGCkRWWtByiYQXo3xdQ8r5RzuFrPiRn8Gar2tQdXSUQ2GKV3bkXckek89V8wQBY2Q/Aw=="],

    "@types/react-dom": ["@types/react-dom@19.2.3", "", { "peerDependencies": { "@types/react": "^19.2.0" } }, "sha512-jp2L/eY6fn+KgVVQAOqYItbF0VY/YApe5Mz2F0aykSO8gx31bYCZyvSeYxCHKvzHG5eZjc+zyaS5BrBWya2+kQ=="],

    "acorn": ["acorn@8.17.0", "", { "bin": { "acorn": "bin/acorn" } }, "sha512-xRQbDb9BnwDafYNn6Vwl839DYVjqXYb1XVGtWAZ1kcDc6iwAL4hg3B1dZlRiuENFeO2H53gFG3in621AdERVAg=="],

    "acorn-import-attributes": ["acorn-import-attributes@1.9.5", "", { "peerDependencies": { "acorn": "^8" } }, "sha512-n02Vykv5uA3eHGM/Z2dQrcD56kL8TyDb2p1+0P83PClMnC/nc+anbQRhIOWnSq4Ke/KvDPrY3C9hDtC/A3eHnQ=="],

    "atomic-sleep": ["atomic-sleep@1.0.0", "", {}, "sha512-kNOjDqAh7px0XWNI+4QbzoiR/nTkHAWNud2uvnJquD1/x5a7EQZMJT0AczqK0Qn67oY/TTQ1LbUKajZpp3I9tQ=="],

    "baseline-browser-mapping": ["baseline-browser-mapping@2.10.38", "", { "bin": { "baseline-browser-mapping": "dist/cli.cjs" } }, "sha512-31/02mVB4yuQU6adKk5SlY6m+mxDwUq5KZkyYgnLrrKl7TEm1+3PyDtDBz2kOv/wxZz41GHsvV1A/u6RmiyBvw=="],

    "caniuse-lite": ["caniuse-lite@1.0.30001799", "", {}, "sha512-hG1bReV+OUU+MOqK4t/ZWI0tZOyz3rqS9XuhOUz1cIcbwBKjOyJEJuw9ER5JuNyqxNk8u/JUVbGibBOL1yrjFw=="],

    "cjs-module-lexer": ["cjs-module-lexer@2.2.0", "", {}, "sha512-4bHTS2YuzUvtoLjdy+98ykbNB5jS0+07EvFNXerqZQJ89F7DI6ET7OQo/HJuW6K0aVsKA9hj9/RVb2kQVOrPDQ=="],

    "client-only": ["client-only@0.0.1", "", {}, "sha512-IV3Ou0jSMzZrd3pZ48nLkT9DA7Ag1pnPzaiQhpW7c3RbcqqzvzzVu+L8gfqMp/8IM2MQtSiqaCxrrcfu8I8rMA=="],

    "clsx": ["clsx@2.1.1", "", {}, "sha512-eYm0QWBtUrBWZWG0d386OGAw16Z995PiOVo2B7bjWSbHedGl5e0ZWaq65kOGgUSNesEIDkB9ISbTg/JK9dhCZA=="],

    "csstype": ["csstype@3.2.3", "", {}, "sha512-z1HGKcYy2xA8AGQfwrn0PAy+PB7X/GSj3UVJW9qKyn43xWa+gl5nXmU4qqLMRzWVLFC8KusUX8T/0kCiOYpAIQ=="],

    "debug": ["debug@4.4.3", "", { "dependencies": { "ms": "^2.1.3" } }, "sha512-RGwwWnwQvkVfavKVt22FGLw+xYSdzARwm0ru6DhTVA3umU5hZc28V3kO4stgYryrTlLpuvgI9GiijltAjNbcqA=="],

    "detect-libc": ["detect-libc@2.1.2", "", {}, "sha512-Btj2BOOO83o3WyH59e8MgXsxEQVcarkUOpEYrubB0urwnN10yQ364rsiByU11nZlqWYZm05i/of7io4mzihBtQ=="],

    "enhanced-resolve": ["enhanced-resolve@5.21.6", "", { "dependencies": { "graceful-fs": "^4.2.4", "tapable": "^2.3.3" } }, "sha512-aNnGCvbJ/RIyWo1IuhNdVjnNF+EjH9wpzpNHt+ci/m9He9LJvUN8wrCcXjp9cWsGNAuvSpVFTx/vraAFQ8qGjQ=="],

    "frontend": ["frontend@workspace:apps/frontend"],

    "graceful-fs": ["graceful-fs@4.2.11", "", {}, "sha512-RbJ5/jmFcNNCcDV5o9eTnBLJ/HszWV0P73bc+Ff4nS/rJj+YaS6IGyiOL0VoBYX+l1Wrl3k63h/KrH+nhJ0XvQ=="],

    "import-in-the-middle": ["import-in-the-middle@3.1.0", "", { "dependencies": { "acorn": "^8.15.0", "acorn-import-attributes": "^1.9.5", "cjs-module-lexer": "^2.2.0", "module-details-from-path": "^1.0.4" } }, "sha512-c0AeAV8VcwZzfYE7euTZY3H+VXUPMVugiovdosq80lqEXJmOekg3zGUAYg6KImHMaMuBoTUfTv7xNpUFdy0hJA=="],

    "jiti": ["jiti@2.7.0", "", { "bin": { "jiti": "lib/jiti-cli.mjs" } }, "sha512-AC/7JofJvZGrrneWNaEnJeOLUx+JlGt7tNa0wZiRPT4MY1wmfKjt2+6O2p2uz2+skll8OZZmJMNqeke7kKbNgQ=="],

    "lightningcss": ["lightningcss@1.32.0", "", { "dependencies": { "detect-libc": "^2.0.3" }, "optionalDependencies": { "lightningcss-android-arm64": "1.32.0", "lightningcss-darwin-arm64": "1.32.0", "lightningcss-darwin-x64": "1.32.0", "lightningcss-freebsd-x64": "1.32.0", "lightningcss-linux-arm-gnueabihf": "1.32.0", "lightningcss-linux-arm64-gnu": "1.32.0", "lightningcss-linux-arm64-musl": "1.32.0", "lightningcss-linux-x64-gnu": "1.32.0", "lightningcss-linux-x64-musl": "1.32.0", "lightningcss-win32-arm64-msvc": "1.32.0", "lightningcss-win32-x64-msvc": "1.32.0" } }, "sha512-NXYBzinNrblfraPGyrbPoD19C1h9lfI/1mzgWYvXUTe414Gz/X1FD2XBZSZM7rRTrMA8JL3OtAaGifrIKhQ5yQ=="],

    "lightningcss-android-arm64": ["lightningcss-android-arm64@1.32.0", "", { "os": "android", "cpu": "arm64" }, "sha512-YK7/ClTt4kAK0vo6w3X+Pnm0D2cf2vPHbhOXdoNti1Ga0al1P4TBZhwjATvjNwLEBCnKvjJc2jQgHXH0NEwlAg=="],

    "lightningcss-darwin-arm64": ["lightningcss-darwin-arm64@1.32.0", "", { "os": "darwin", "cpu": "arm64" }, "sha512-RzeG9Ju5bag2Bv1/lwlVJvBE3q6TtXskdZLLCyfg5pt+HLz9BqlICO7LZM7VHNTTn/5PRhHFBSjk5lc4cmscPQ=="],

    "lightningcss-darwin-x64": ["lightningcss-darwin-x64@1.32.0", "", { "os": "darwin", "cpu": "x64" }, "sha512-U+QsBp2m/s2wqpUYT/6wnlagdZbtZdndSmut/NJqlCcMLTWp5muCrID+K5UJ6jqD2BFshejCYXniPDbNh73V8w=="],

    "lightningcss-freebsd-x64": ["lightningcss-freebsd-x64@1.32.0", "", { "os": "freebsd", "cpu": "x64" }, "sha512-JCTigedEksZk3tHTTthnMdVfGf61Fky8Ji2E4YjUTEQX14xiy/lTzXnu1vwiZe3bYe0q+SpsSH/CTeDXK6WHig=="],

    "lightningcss-linux-arm-gnueabihf": ["lightningcss-linux-arm-gnueabihf@1.32.0", "", { "os": "linux", "cpu": "arm" }, "sha512-x6rnnpRa2GL0zQOkt6rts3YDPzduLpWvwAF6EMhXFVZXD4tPrBkEFqzGowzCsIWsPjqSK+tyNEODUBXeeVHSkw=="],

    "lightningcss-linux-arm64-gnu": ["lightningcss-linux-arm64-gnu@1.32.0", "", { "os": "linux", "cpu": "arm64" }, "sha512-0nnMyoyOLRJXfbMOilaSRcLH3Jw5z9HDNGfT/gwCPgaDjnx0i8w7vBzFLFR1f6CMLKF8gVbebmkUN3fa/kQJpQ=="],

    "lightningcss-linux-arm64-musl": ["lightningcss-linux-arm64-musl@1.32.0", "", { "os": "linux", "cpu": "arm64" }, "sha512-UpQkoenr4UJEzgVIYpI80lDFvRmPVg6oqboNHfoH4CQIfNA+HOrZ7Mo7KZP02dC6LjghPQJeBsvXhJod/wnIBg=="],

    "lightningcss-linux-x64-gnu": ["lightningcss-linux-x64-gnu@1.32.0", "", { "os": "linux", "cpu": "x64" }, "sha512-V7Qr52IhZmdKPVr+Vtw8o+WLsQJYCTd8loIfpDaMRWGUZfBOYEJeyJIkqGIDMZPwPx24pUMfwSxxI8phr/MbOA=="],

    "lightningcss-linux-x64-musl": ["lightningcss-linux-x64-musl@1.32.0", "", { "os": "linux", "cpu": "x64" }, "sha512-bYcLp+Vb0awsiXg/80uCRezCYHNg1/l3mt0gzHnWV9XP1W5sKa5/TCdGWaR/zBM2PeF/HbsQv/j2URNOiVuxWg=="],

    "lightningcss-win32-arm64-msvc": ["lightningcss-win32-arm64-msvc@1.32.0", "", { "os": "win32", "cpu": "arm64" }, "sha512-8SbC8BR40pS6baCM8sbtYDSwEVQd4JlFTOlaD3gWGHfThTcABnNDBda6eTZeqbofalIJhFx0qKzgHJmcPTnGdw=="],

    "lightningcss-win32-x64-msvc": ["lightningcss-win32-x64-msvc@1.32.0", "", { "os": "win32", "cpu": "x64" }, "sha512-Amq9B/SoZYdDi1kFrojnoqPLxYhQ4Wo5XiL8EVJrVsB8ARoC1PWW6VGtT0WKCemjy8aC+louJnjS7U18x3b06Q=="],

    "lucide-react": ["lucide-react@1.21.0", "", { "peerDependencies": { "react": "^16.5.1 || ^17.0.0 || ^18.0.0 || ^19.0.0" } }, "sha512-reEZMXq8Qdd5jg5XYkQ5TR1fB/GiQ7ih4vcrthYDtgjSDwh0i6/YLiGjsWsIwgN49gpAnd4J2elSNzncMEEUUQ=="],

    "magic-string": ["magic-string@0.30.21", "", { "dependencies": { "@jridgewell/sourcemap-codec": "^1.5.5" } }, "sha512-vd2F4YUyEXKGcLHoq+TEyCjxueSeHnFxyyjNp80yg0XV4vUhnDer/lvvlqM/arB5bXQN5K2/3oinyCRyx8T2CQ=="],

    "module-details-from-path": ["module-details-from-path@1.0.4", "", {}, "sha512-EGWKgxALGMgzvxYF1UyGTy0HXX/2vHLkw6+NvDKW2jypWbHpjQuj4UMcqQWXHERJhVGKikolT06G3bcKe4fi7w=="],

    "ms": ["ms@2.1.3", "", {}, "sha512-6FlzubTLZG3J2a/NVCAleEhjzq5oxgHyaCU9yYXvcLsvoVaHJq/s5xXI6/XXP6tz7R9xAOtHnSO/tXtF3WRTlA=="],

    "nanoid": ["nanoid@3.3.13", "", { "bin": { "nanoid": "bin/nanoid.cjs" } }, "sha512-sPdqC6ByMVVGvF1ynvvMo0/o+oD1VX7DaHhijt1bFgjvBkHBib4t49GoNDhf2NDta4oeUNlaGbSt5K7qjZ955Q=="],

    "next": ["next@16.2.8", "", { "dependencies": { "@next/env": "16.2.8", "@swc/helpers": "0.5.15", "baseline-browser-mapping": "^2.9.19", "caniuse-lite": "^1.0.30001579", "postcss": "8.4.31", "styled-jsx": "5.1.6" }, "optionalDependencies": { "@next/swc-darwin-arm64": "16.2.8", "@next/swc-darwin-x64": "16.2.8", "@next/swc-linux-arm64-gnu": "16.2.8", "@next/swc-linux-arm64-musl": "16.2.8", "@next/swc-linux-x64-gnu": "16.2.8", "@next/swc-linux-x64-musl": "16.2.8", "@next/swc-win32-arm64-msvc": "16.2.8", "@next/swc-win32-x64-msvc": "16.2.8", "sharp": "^0.34.5" }, "peerDependencies": { "@opentelemetry/api": "^1.1.0", "@playwright/test": "^1.51.1", "babel-plugin-react-compiler": "*", "react": "^18.2.0 || 19.0.0-rc-de68d2f4-20241204 || ^19.0.0", "react-dom": "^18.2.0 || 19.0.0-rc-de68d2f4-20241204 || ^19.0.0", "sass": "^1.3.0" }, "optionalPeers": ["@opentelemetry/api", "@playwright/test", "babel-plugin-react-compiler", "sass"], "bin": { "next": "dist/bin/next" } }, "sha512-tdKipIBg4FJezYqXflb9uwai4II30l3+Cw1TAJM6kWlgiM2Cr+/ldPF88bilRcNwlOwXv6QYI3F7Ucu6rWmEpA=="],

    "next-themes": ["next-themes@0.4.6", "", { "peerDependencies": { "react": "^16.8 || ^17 || ^18 || ^19 || ^19.0.0-rc", "react-dom": "^16.8 || ^17 || ^18 || ^19 || ^19.0.0-rc" } }, "sha512-pZvgD5L0IEvX5/9GWyHMf3m8BKiVQwsCMHfoFosXtXBMnaS0ZnIJ9ST4b4NqLVKDEm8QBxoNNGNaBv2JNF6XNA=="],

    "nuqs": ["nuqs@2.8.9", "", { "dependencies": { "@standard-schema/spec": "1.0.0" }, "peerDependencies": { "@remix-run/react": ">=2", "@tanstack/react-router": "^1", "next": ">=14.2.0", "react": ">=18.2.0 || ^19.0.0-0", "react-router": "^5 || ^6 || ^7", "react-router-dom": "^5 || ^6 || ^7" }, "optionalPeers": ["@remix-run/react", "@tanstack/react-router", "next", "react-router", "react-router-dom"] }, "sha512-8ou6AEwsxMWSYo2qkfZtYFVzngwbKmg4c00HVxC1fF6CEJv3Fwm6eoZmfVPALB+vw8Udo7KL5uy96PFcYe1BIQ=="],

    "on-exit-leak-free": ["on-exit-leak-free@2.1.2", "", {}, "sha512-0eJJY6hXLGf1udHwfNftBqH+g73EU4B504nZeKpz1sYRKafAghwxEJunB2O7rDZkL4PGfsMVnTXZ2EjibbqcsA=="],

    "openapi-fetch": ["openapi-fetch@0.17.0", "", { "dependencies": { "openapi-typescript-helpers": "^0.1.0" } }, "sha512-PsbZR1wAPcG91eEthKhN+Zn92FMHxv+/faECIwjXdxfTODGSGegYv0sc1Olz+HYPvKOuoXfp+0pA2XVt2cI0Ig=="],

    "openapi-typescript-helpers": ["openapi-typescript-helpers@0.1.0", "", {}, "sha512-OKTGPthhivLw/fHz6c3OPtg72vi86qaMlqbJuVJ23qOvQ+53uw1n7HdmkJFibloF7QEjDrDkzJiOJuockM/ljw=="],

    "picocolors": ["picocolors@1.1.1", "", {}, "sha512-xceH2snhtb5M9liqDsmEw56le376mTZkEX/jEb/RxNFyegNul7eNslCXP9FDj/Lcu0X8KEyMceP2ntpaHrDEVA=="],

    "pino": ["pino@10.3.1", "", { "dependencies": { "@pinojs/redact": "^0.4.0", "atomic-sleep": "^1.0.0", "on-exit-leak-free": "^2.1.0", "pino-abstract-transport": "^3.0.0", "pino-std-serializers": "^7.0.0", "process-warning": "^5.0.0", "quick-format-unescaped": "^4.0.3", "real-require": "^0.2.0", "safe-stable-stringify": "^2.3.1", "sonic-boom": "^4.0.1", "thread-stream": "^4.0.0" }, "bin": { "pino": "bin.js" } }, "sha512-r34yH/GlQpKZbU1BvFFqOjhISRo1MNx1tWYsYvmj6KIRHSPMT2+yHOEb1SG6NMvRoHRF0a07kCOox/9yakl1vg=="],

    "pino-abstract-transport": ["pino-abstract-transport@3.0.0", "", { "dependencies": { "split2": "^4.0.0" } }, "sha512-wlfUczU+n7Hy/Ha5j9a/gZNy7We5+cXp8YL+X+PG8S0KXxw7n/JXA3c46Y0zQznIJ83URJiwy7Lh56WLokNuxg=="],

    "pino-std-serializers": ["pino-std-serializers@7.1.0", "", {}, "sha512-BndPH67/JxGExRgiX1dX0w1FvZck5Wa4aal9198SrRhZjH3GxKQUKIBnYJTdj2HDN3UQAS06HlfcSbQj2OHmaw=="],

    "postcss": ["postcss@8.5.15", "", { "dependencies": { "nanoid": "^3.3.12", "picocolors": "^1.1.1", "source-map-js": "^1.2.1" } }, "sha512-FfR8sjd4em2T6fb3I2MwAJU7HWVMr9zba+enmQeeWFfCbm+UOC/0X4DS8XtpUTMwWMGbjKYP7xjfNekzyGmB3A=="],

    "process-warning": ["process-warning@5.0.0", "", {}, "sha512-a39t9ApHNx2L4+HBnQKqxxHNs1r7KF+Intd8Q/g1bUh6q0WIp9voPXJ/x0j+ZL45KF1pJd9+q2jLIRMfvEshkA=="],

    "quick-format-unescaped": ["quick-format-unescaped@4.0.4", "", {}, "sha512-tYC1Q1hgyRuHgloV/YXs2w15unPVh8qfu/qCTfhTYamaw7fyhumKa2yGpdSo87vY32rIclj+4fWYQXUMs9EHvg=="],

    "react": ["react@19.2.7", "", {}, "sha512-HNe9WslTbXmFK8o8cmwgAeJFSBvt1bPdHCVKtaaV+WlAN36mpT4hcRpwbf3fY56ar2oIXzsBpOAiIRHAdY0OlQ=="],

    "react-dom": ["react-dom@19.2.7", "", { "dependencies": { "scheduler": "^0.27.0" }, "peerDependencies": { "react": "^19.2.7" } }, "sha512-t0BRVXvbiE/o20Hfw669rLbMCDWtYZLvmJigy2f0MxsXF+71pxhR3xOkspmsO8h3ZlNzyibAmtCa3l4lYKk6gQ=="],

    "react-hook-form": ["react-hook-form@7.79.0", "", { "peerDependencies": { "react": "^16.8.0 || ^17 || ^18 || ^19" } }, "sha512-mhYp/MTmXvzYX6AJcJVko0rktoIhhmRnEouObj4wF5i/tCttgJvnp1+9wRkpITZjDTqpo4IOSJqu0dBlPlV/Lw=="],

    "real-require": ["real-require@0.2.0", "", {}, "sha512-57frrGM/OCTLqLOAh0mhVA9VBMHd+9U7Zb2THMGdBUoZVOtGbJzjxsYGDJ3A9AYYCP4hn6y1TVbaOfzWtm5GFg=="],

    "require-in-the-middle": ["require-in-the-middle@8.0.1", "", { "dependencies": { "debug": "^4.3.5", "module-details-from-path": "^1.0.3" } }, "sha512-QT7FVMXfWOYFbeRBF6nu+I6tr2Tf3u0q8RIEjNob/heKY/nh7drD/k7eeMFmSQgnTtCzLDcCu/XEnpW2wk4xCQ=="],

    "safe-stable-stringify": ["safe-stable-stringify@2.5.0", "", {}, "sha512-b3rppTKm9T+PsVCBEOUR46GWI7fdOs00VKZ1+9c1EWDaDMvjQc6tUwuFyIprgGgTcWoVHSKrU8H31ZHA2e0RHA=="],

    "scheduler": ["scheduler@0.27.0", "", {}, "sha512-eNv+WrVbKu1f3vbYJT/xtiF5syA5HPIMtf9IgY/nKg0sWqzAUEvqY/xm7OcZc/qafLx/iO9FgOmeSAp4v5ti/Q=="],

    "semver": ["semver@7.8.5", "", { "bin": { "semver": "bin/semver.js" } }, "sha512-Y7/KDsb8LjooZpwaqGyulO6DQlksgCncchHGk+sZIY4SBvUocMBEFH5Ur1fI4dV+Jvl0w6cjvucaIi40puRioA=="],

    "server-only": ["server-only@0.0.1", "", {}, "sha512-qepMx2JxAa5jjfzxG79yPPq+8BuFToHd1hm7kI+Z4zAq1ftQiP7HcxMhDDItrbtwVeLg/cY2JnKnrcFkmiswNA=="],

    "sharp": ["sharp@0.34.5", "", { "dependencies": { "@img/colour": "^1.0.0", "detect-libc": "^2.1.2", "semver": "^7.7.3" }, "optionalDependencies": { "@img/sharp-darwin-arm64": "0.34.5", "@img/sharp-darwin-x64": "0.34.5", "@img/sharp-libvips-darwin-arm64": "1.2.4", "@img/sharp-libvips-darwin-x64": "1.2.4", "@img/sharp-libvips-linux-arm": "1.2.4", "@img/sharp-libvips-linux-arm64": "1.2.4", "@img/sharp-libvips-linux-ppc64": "1.2.4", "@img/sharp-libvips-linux-riscv64": "1.2.4", "@img/sharp-libvips-linux-s390x": "1.2.4", "@img/sharp-libvips-linux-x64": "1.2.4", "@img/sharp-libvips-linuxmusl-arm64": "1.2.4", "@img/sharp-libvips-linuxmusl-x64": "1.2.4", "@img/sharp-linux-arm": "0.34.5", "@img/sharp-linux-arm64": "0.34.5", "@img/sharp-linux-ppc64": "0.34.5", "@img/sharp-linux-riscv64": "0.34.5", "@img/sharp-linux-s390x": "0.34.5", "@img/sharp-linux-x64": "0.34.5", "@img/sharp-linuxmusl-arm64": "0.34.5", "@img/sharp-linuxmusl-x64": "0.34.5", "@img/sharp-wasm32": "0.34.5", "@img/sharp-win32-arm64": "0.34.5", "@img/sharp-win32-ia32": "0.34.5", "@img/sharp-win32-x64": "0.34.5" } }, "sha512-Ou9I5Ft9WNcCbXrU9cMgPBcCK8LiwLqcbywW3t4oDV37n1pzpuNLsYiAV8eODnjbtQlSDwZ2cUEeQz4E54Hltg=="],

    "sonic-boom": ["sonic-boom@4.2.1", "", { "dependencies": { "atomic-sleep": "^1.0.0" } }, "sha512-w6AxtubXa2wTXAUsZMMWERrsIRAdrK0Sc+FUytWvYAhBJLyuI4llrMIC1DtlNSdI99EI86KZum2MMq3EAZlF9Q=="],

    "source-map-js": ["source-map-js@1.2.1", "", {}, "sha512-UXWMKhLOwVKb728IUtQPXxfYU+usdybtUrK/8uGE8CQMvrhOpwvzDBwj0QhSL7MQc7vIsISBG8VQ8+IDQxpfQA=="],

    "split2": ["split2@4.2.0", "", {}, "sha512-UcjcJOWknrNkF6PLX83qcHM6KHgVKNkV62Y8a5uYDVv9ydGQVwAHMKqHdJje1VTWpljG0WYpCDhrCdAOYH4TWg=="],

    "styled-jsx": ["styled-jsx@5.1.6", "", { "dependencies": { "client-only": "0.0.1" }, "peerDependencies": { "react": ">= 16.8.0 || 17.x.x || ^18.0.0-0 || ^19.0.0-0" } }, "sha512-qSVyDTeMotdvQYoHWLNGwRFJHC+i+ZvdBRYosOFgC+Wg1vx4frN2/RG/NA7SYqqvKNLf39P2LSRA2pu6n0XYZA=="],

    "tailwind-merge": ["tailwind-merge@3.6.0", "", {}, "sha512-uxL7qAVQriqRQPAyK3pj66VqskWqoZ37PW94jwOTwNfq/z9oyu1V+eqrZqtR2+fCiXdYOZe/Modt8GtvqNzu+w=="],

    "tailwindcss": ["tailwindcss@4.3.1", "", {}, "sha512-hk+TB1m+K8CYNrP6rjQaq/Y+4Zylwpa87mLYBKCunwnnQ9p+fHb7kmSfGqyEJoxF/O6CDyABWVFEafNSYKll+Q=="],

    "tapable": ["tapable@2.3.3", "", {}, "sha512-uxc/zpqFg6x7C8vOE7lh6Lbda8eEL9zmVm/PLeTPBRhh1xCgdWaQ+J1CUieGpIfm2HdtsUpRv+HshiasBMcc6A=="],

    "thread-stream": ["thread-stream@4.2.0", "", { "dependencies": { "real-require": "^1.0.0" } }, "sha512-e2zZ96wSChazBsbENf/Pcm/4swHt2cEKQ92rhUjkL9GCKiTDJIaTBenjE/m9DXi0QBmTMDkFDdOomUy20A1tDQ=="],

    "tslib": ["tslib@2.8.1", "", {}, "sha512-oJFu94HQb+KVduSUQL7wnpmqnfmLsOA/nAh6b6EH0wCEoK0/mPeXU6c3wKDV83MkOuHPRHtSXKKU99IBazS/2w=="],

    "typescript": ["typescript@6.0.3", "", { "bin": { "tsc": "bin/tsc", "tsserver": "bin/tsserver" } }, "sha512-y2TvuxSZPDyQakkFRPZHKFm+KKVqIisdg9/CZwm9ftvKXLP8NRWj38/ODjNbr43SsoXqNuAisEf1GdCxqWcdBw=="],

    "ua-parser-js": ["ua-parser-js@1.0.41", "", { "bin": { "ua-parser-js": "script/cli.js" } }, "sha512-LbBDqdIC5s8iROCUjMbW1f5dJQTEFB1+KO9ogbvlb3nm9n4YHa5p4KTvFPWvh2Hs8gZMBuiB1/8+pdfe/tDPug=="],

    "undici-types": ["undici-types@8.3.0", "", {}, "sha512-j375ScV60dom+YkPFIfTLcOiPxkN/buHz5GobjLhixFuANaNs3C9l4GmrWqejgXWJ7BbJcFYpTEUkS1Ge8bpZQ=="],

    "web-vitals": ["web-vitals@5.3.0", "", {}, "sha512-q6LWsLatGYZp5VGBIOvbTj6JBV2nOmC8KvWztXBmwJcfFAzhwKwbOxhUH306XY3CcaZDUlSmSuNPBsCn0bFu+g=="],

    "zod": ["zod@4.4.3", "", {}, "sha512-ytENFjIJFl2UwYglde2jchW2Hwm4GJFLDiSXWdTrJQBIN9Fcyp7n4DhxJEiWNAJMV1/BqWfW/kkg71UDcHJyTQ=="],

    "zustand": ["zustand@5.0.14", "", { "peerDependencies": { "@types/react": ">=18.0.0", "immer": ">=9.0.6", "react": ">=18.0.0", "use-sync-external-store": ">=1.2.0" }, "optionalPeers": ["@types/react", "immer", "react", "use-sync-external-store"] }, "sha512-/8tAspM5LMPr28b3fwLYrtdj77ECpfZviaP75CMTnwO8ISyaE4GDIG/9rDDYq/cH9D2Xw2A2RXglLInmVBQB/g=="],

    "@opentelemetry/exporter-trace-otlp-http/@opentelemetry/core": ["@opentelemetry/core@2.7.1", "", { "dependencies": { "@opentelemetry/semantic-conventions": "^1.29.0" }, "peerDependencies": { "@opentelemetry/api": ">=1.0.0 <1.10.0" } }, "sha512-QAqIj32AtK6+pEVNG7EOVxHdE06RP+FM5qpiEJ4RtDcFIqKUZHYhl7/7UY5efhwmwNAg7j8QbJVBLxMerc0+gw=="],

    "@opentelemetry/exporter-trace-otlp-http/@opentelemetry/resources": ["@opentelemetry/resources@2.7.1", "", { "dependencies": { "@opentelemetry/core": "2.7.1", "@opentelemetry/semantic-conventions": "^1.29.0" }, "peerDependencies": { "@opentelemetry/api": ">=1.3.0 <1.10.0" } }, "sha512-DeT6KKolmC4e/dRQvMQ/RwlnzhaqeiFOXY5ngoOPJ07GgVVKxZOg9EcrNZb5aTzUn+iCrJldAgOfQm1O/QfPAQ=="],

    "@opentelemetry/instrumentation-fetch/@opentelemetry/core": ["@opentelemetry/core@2.7.1", "", { "dependencies": { "@opentelemetry/semantic-conventions": "^1.29.0" }, "peerDependencies": { "@opentelemetry/api": ">=1.0.0 <1.10.0" } }, "sha512-QAqIj32AtK6+pEVNG7EOVxHdE06RP+FM5qpiEJ4RtDcFIqKUZHYhl7/7UY5efhwmwNAg7j8QbJVBLxMerc0+gw=="],

    "@opentelemetry/instrumentation-fetch/@opentelemetry/sdk-trace-web": ["@opentelemetry/sdk-trace-web@2.7.1", "", { "dependencies": { "@opentelemetry/core": "2.7.1", "@opentelemetry/sdk-trace-base": "2.7.1" }, "peerDependencies": { "@opentelemetry/api": ">=1.0.0 <1.10.0" } }, "sha512-K806OouCSOjMd8Nr7+ZCq3QT22tdAzzS/7h8vprfiKjkgFQ99/dvwU8d12WJANA6D5Qtme65hyBAqAu9CkQuxQ=="],

    "@opentelemetry/instrumentation-xml-http-request/@opentelemetry/core": ["@opentelemetry/core@2.7.1", "", { "dependencies": { "@opentelemetry/semantic-conventions": "^1.29.0" }, "peerDependencies": { "@opentelemetry/api": ">=1.0.0 <1.10.0" } }, "sha512-QAqIj32AtK6+pEVNG7EOVxHdE06RP+FM5qpiEJ4RtDcFIqKUZHYhl7/7UY5efhwmwNAg7j8QbJVBLxMerc0+gw=="],

    "@opentelemetry/instrumentation-xml-http-request/@opentelemetry/sdk-trace-web": ["@opentelemetry/sdk-trace-web@2.7.1", "", { "dependencies": { "@opentelemetry/core": "2.7.1", "@opentelemetry/sdk-trace-base": "2.7.1" }, "peerDependencies": { "@opentelemetry/api": ">=1.0.0 <1.10.0" } }, "sha512-K806OouCSOjMd8Nr7+ZCq3QT22tdAzzS/7h8vprfiKjkgFQ99/dvwU8d12WJANA6D5Qtme65hyBAqAu9CkQuxQ=="],

    "@opentelemetry/otlp-exporter-base/@opentelemetry/core": ["@opentelemetry/core@2.7.1", "", { "dependencies": { "@opentelemetry/semantic-conventions": "^1.29.0" }, "peerDependencies": { "@opentelemetry/api": ">=1.0.0 <1.10.0" } }, "sha512-QAqIj32AtK6+pEVNG7EOVxHdE06RP+FM5qpiEJ4RtDcFIqKUZHYhl7/7UY5efhwmwNAg7j8QbJVBLxMerc0+gw=="],

    "@opentelemetry/otlp-transformer/@opentelemetry/core": ["@opentelemetry/core@2.7.1", "", { "dependencies": { "@opentelemetry/semantic-conventions": "^1.29.0" }, "peerDependencies": { "@opentelemetry/api": ">=1.0.0 <1.10.0" } }, "sha512-QAqIj32AtK6+pEVNG7EOVxHdE06RP+FM5qpiEJ4RtDcFIqKUZHYhl7/7UY5efhwmwNAg7j8QbJVBLxMerc0+gw=="],

    "@opentelemetry/otlp-transformer/@opentelemetry/resources": ["@opentelemetry/resources@2.7.1", "", { "dependencies": { "@opentelemetry/core": "2.7.1", "@opentelemetry/semantic-conventions": "^1.29.0" }, "peerDependencies": { "@opentelemetry/api": ">=1.3.0 <1.10.0" } }, "sha512-DeT6KKolmC4e/dRQvMQ/RwlnzhaqeiFOXY5ngoOPJ07GgVVKxZOg9EcrNZb5aTzUn+iCrJldAgOfQm1O/QfPAQ=="],

    "@opentelemetry/sdk-logs/@opentelemetry/core": ["@opentelemetry/core@2.7.1", "", { "dependencies": { "@opentelemetry/semantic-conventions": "^1.29.0" }, "peerDependencies": { "@opentelemetry/api": ">=1.0.0 <1.10.0" } }, "sha512-QAqIj32AtK6+pEVNG7EOVxHdE06RP+FM5qpiEJ4RtDcFIqKUZHYhl7/7UY5efhwmwNAg7j8QbJVBLxMerc0+gw=="],

    "@opentelemetry/sdk-logs/@opentelemetry/resources": ["@opentelemetry/resources@2.7.1", "", { "dependencies": { "@opentelemetry/core": "2.7.1", "@opentelemetry/semantic-conventions": "^1.29.0" }, "peerDependencies": { "@opentelemetry/api": ">=1.3.0 <1.10.0" } }, "sha512-DeT6KKolmC4e/dRQvMQ/RwlnzhaqeiFOXY5ngoOPJ07GgVVKxZOg9EcrNZb5aTzUn+iCrJldAgOfQm1O/QfPAQ=="],

    "@opentelemetry/sdk-metrics/@opentelemetry/core": ["@opentelemetry/core@2.7.1", "", { "dependencies": { "@opentelemetry/semantic-conventions": "^1.29.0" }, "peerDependencies": { "@opentelemetry/api": ">=1.0.0 <1.10.0" } }, "sha512-QAqIj32AtK6+pEVNG7EOVxHdE06RP+FM5qpiEJ4RtDcFIqKUZHYhl7/7UY5efhwmwNAg7j8QbJVBLxMerc0+gw=="],

    "@opentelemetry/sdk-metrics/@opentelemetry/resources": ["@opentelemetry/resources@2.7.1", "", { "dependencies": { "@opentelemetry/core": "2.7.1", "@opentelemetry/semantic-conventions": "^1.29.0" }, "peerDependencies": { "@opentelemetry/api": ">=1.3.0 <1.10.0" } }, "sha512-DeT6KKolmC4e/dRQvMQ/RwlnzhaqeiFOXY5ngoOPJ07GgVVKxZOg9EcrNZb5aTzUn+iCrJldAgOfQm1O/QfPAQ=="],

    "@opentelemetry/sdk-trace-base/@opentelemetry/core": ["@opentelemetry/core@2.7.1", "", { "dependencies": { "@opentelemetry/semantic-conventions": "^1.29.0" }, "peerDependencies": { "@opentelemetry/api": ">=1.0.0 <1.10.0" } }, "sha512-QAqIj32AtK6+pEVNG7EOVxHdE06RP+FM5qpiEJ4RtDcFIqKUZHYhl7/7UY5efhwmwNAg7j8QbJVBLxMerc0+gw=="],

    "@opentelemetry/sdk-trace-base/@opentelemetry/resources": ["@opentelemetry/resources@2.7.1", "", { "dependencies": { "@opentelemetry/core": "2.7.1", "@opentelemetry/semantic-conventions": "^1.29.0" }, "peerDependencies": { "@opentelemetry/api": ">=1.3.0 <1.10.0" } }, "sha512-DeT6KKolmC4e/dRQvMQ/RwlnzhaqeiFOXY5ngoOPJ07GgVVKxZOg9EcrNZb5aTzUn+iCrJldAgOfQm1O/QfPAQ=="],

    "@opentelemetry/sdk-trace-web/@opentelemetry/core": ["@opentelemetry/core@2.8.0", "", { "dependencies": { "@opentelemetry/semantic-conventions": "^1.29.0" }, "peerDependencies": { "@opentelemetry/api": ">=1.0.0 <1.10.0" } }, "sha512-hd1Lfh8p545nNz+jq1Ejfz+Mn1hyLuxYn1YzTfFNrxr8urEWMNQLPf1Th8kjOH+HxwawCrtgBp8JpBUR4ZSgww=="],

    "@opentelemetry/sdk-trace-web/@opentelemetry/sdk-trace-base": ["@opentelemetry/sdk-trace-base@2.8.0", "", { "dependencies": { "@opentelemetry/core": "2.8.0", "@opentelemetry/resources": "2.8.0", "@opentelemetry/semantic-conventions": "^1.29.0" }, "peerDependencies": { "@opentelemetry/api": ">=1.3.0 <1.10.0" } }, "sha512-mhU4jp+vW0mGbFRd+GeXHvmfA4aDqWjBjLC3pE5XMpLs0IE2ryYb019Ts2AQrOq67gaTF25D91+fgvEHDZEnuQ=="],

    "@tailwindcss/oxide-wasm32-wasi/@emnapi/core": ["@emnapi/core@1.11.1", "", { "dependencies": { "@emnapi/wasi-threads": "1.2.2", "tslib": "^2.4.0" }, "bundled": true }, "sha512-RSvbQmHzdKzNsLYa/wHrbc3KN4sYLKAdPZxqiM2HATqv/SBk2/ENSHpvXGaLOMcsAyz0poEGqkmmKYG3OWiJEQ=="],

    "@tailwindcss/oxide-wasm32-wasi/@emnapi/runtime": ["@emnapi/runtime@1.11.1", "", { "dependencies": { "tslib": "^2.4.0" }, "bundled": true }, "sha512-vgj7R3y3Wgx24IQaGPA/R6YFXLHVMOZ0uVEyIQPaWs+rd1AzfEMXlAC22FYwO1XkKR6NPsq7mUandH8oIRdZFw=="],

    "@tailwindcss/oxide-wasm32-wasi/@emnapi/wasi-threads": ["@emnapi/wasi-threads@1.2.2", "", { "dependencies": { "tslib": "^2.4.0" }, "bundled": true }, "sha512-c95qOXkHdydNKhscBTebqEC1CVAZpyqOfVfBzQ1qgzyl3gfeldUjIggDbIZgDKsHLgnsM+igH7TJ/eAasaVuMA=="],

    "@tailwindcss/oxide-wasm32-wasi/@napi-rs/wasm-runtime": ["@napi-rs/wasm-runtime@1.1.5", "", { "dependencies": { "@tybys/wasm-util": "^0.10.2" }, "peerDependencies": { "@emnapi/core": "^1.7.1", "@emnapi/runtime": "^1.7.1" }, "bundled": true }, "sha512-AWPoBRJ9tsnVhor4sjO7rkni+7p+2IAEFj6cx06UgP10jkQHqay/36uRV/bFkgrh18D9vb4cr8Q0Pthskgzy+Q=="],

    "@tailwindcss/oxide-wasm32-wasi/@tybys/wasm-util": ["@tybys/wasm-util@0.10.2", "", { "dependencies": { "tslib": "^2.4.0" }, "bundled": true }, "sha512-RoBvJ2X0wuKlWFIjrwffGw1IqZHKQqzIchKaadZZfnNpsAYp2mM0h36JtPCjNDAHGgYez/15uMBpfGwchhiMgg=="],

    "@tailwindcss/oxide-wasm32-wasi/tslib": ["tslib@2.8.1", "", { "bundled": true }, "sha512-oJFu94HQb+KVduSUQL7wnpmqnfmLsOA/nAh6b6EH0wCEoK0/mPeXU6c3wKDV83MkOuHPRHtSXKKU99IBazS/2w=="],

    "next/postcss": ["postcss@8.4.31", "", { "dependencies": { "nanoid": "^3.3.6", "picocolors": "^1.0.0", "source-map-js": "^1.0.2" } }, "sha512-PS08Iboia9mts/2ygV3eLpY5ghnUcfLV/EXTOW1E2qYxJKGGBUtNjN76FYHnMs36RmARn41bC0AZmn+rR0OVpQ=="],

    "thread-stream/real-require": ["real-require@1.0.0", "", {}, "sha512-P4nbQYQfePJxRSmY+v/KINxVucm4NF3p3s7pJveMTtom52FR4YGltUQLB8idDXwDDWW+eYrWDFbuzUnjoWHF7g=="],

    "@opentelemetry/sdk-trace-web/@opentelemetry/sdk-trace-base/@opentelemetry/resources": ["@opentelemetry/resources@2.8.0", "", { "dependencies": { "@opentelemetry/core": "2.8.0", "@opentelemetry/semantic-conventions": "^1.29.0" }, "peerDependencies": { "@opentelemetry/api": ">=1.3.0 <1.10.0" } }, "sha512-qmXQ27ilDbUK/vGMqwL8D4/rhn76C+sherM4wTbjlfknR8Nvfc/hCxjRJPhkzZzUsPiNg16SA31NxMabwttRjg=="],
  }
}
